
Microsoft Visual Studio Solution File, Format Version 12.00
# Visual Studio 15
VisualStudioVersion = 15.0.26730.16
MinimumVisualStudioVersion = 10.0.40219.1
Project("{8BC9CEB8-8B4A-11D0-8D11-00A0C91BC942}") = "esp32pulseCounter", "esp32pulseCounter.vcxproj", "{9714C687-7B56-41B1-B903-87D34622D168}"
EndProject
Global
	GlobalSection(SolutionConfigurationPlatforms) = preSolution
		Debug|x86 = Debug|x86
		Release|x86 = Release|x86
	EndGlobalSection
	GlobalSection(ProjectConfigurationPlatforms) = postSolution
		{9714C687-7B56-41B1-B903-87D34622D168}.Debug|x86.ActiveCfg = Debug|Win32
		{9714C687-7B56-41B1-B903-87D34622D168}.Debug|x86.Build.0 = Debug|Win32
		{9714C687-7B56-41B1-B903-87D34622D168}.Release|x86.ActiveCfg = Release|Win32
		{9714C687-7B56-41B1-B903-87D34622D168}.Release|x86.Build.0 = Release|Win32
	EndGlobalSection
	GlobalSection(SolutionProperties) = preSolution
		HideSolutionNode = FALSE
	EndGlobalSection
	GlobalSection(ExtensibilityGlobals) = postSolution
		SolutionGuid = {11496FC9-89DA-4D48-BEB4-C25100F99989}
	EndGlobalSection
EndGlobal
